{
  "name": "abot",
  "version": "1.0.0",
  "lockfileVersion": 3,
  "requires": true,
  "packages": {
    "": {
      "name": "abot",
      "version": "1.0.0",
      "license": "ISC",
      "dependencies": {
        "@types/irc": "^0.5.4",
        "irc": "^0.5.2",
        "zod": "^4.1.5"
      },
      "devDependencies": {
        "typescript": "^5.9.2"
      }
    },
    "node_modules/@types/irc": {
      "version": "0.5.4",
      "resolved": "https://registry.npmjs.org/@types/irc/-/irc-0.5.4.tgz",
      "integrity": "sha512-73npDB2rOidw5a30tEmbVZg28bzbfamOa1gK4h5h+6bdSrtVvegchmEKdmsBPTHStjQcCbNqlXS4rRbBUuIrJg==",
      "license": "MIT",
      "dependencies": {
        "@types/node": "*"
      }
    },
    "node_modules/@types/node": {
      "version": "24.3.1",
      "resolved": "https://registry.npmjs.org/@types/node/-/node-24.3.1.tgz",
      "integrity": "sha512-3vXmQDXy+woz+gnrTvuvNrPzekOi+Ds0ReMxw0LzBiK3a+1k0kQn9f2NWk+lgD4rJehFUmYy2gMhJ2ZI+7YP9g==",
      "license": "MIT",
      "dependencies": {
        "undici-types": "~7.10.0"
      }
    },
    "node_modules/iconv": {
      "version": "2.2.3",
      "resolved": "https://registry.npmjs.org/iconv/-/iconv-2.2.3.tgz",
      "integrity": "sha512-evIiYeKdt5nEGYKNkQcGPQy781sYgbBKi3gEkt1s4CwteCdOHSjGGRyyp6lP8inYFZwvzG3lgjXEvGUC8nqQ5A==",
      "hasInstallScript": true,
      "license": "ISC",
      "optional": true,
      "dependencies": {
        "nan": "^2.3.5"
      },
      "engines": {
        "node": ">=0.8.0"
      }
    },
    "node_modules/irc": {
      "version": "0.5.2",
      "resolved": "https://registry.npmjs.org/irc/-/irc-0.5.2.tgz",
      "integrity": "sha512-KnrvkV05Y71SWmRWHtnlWEIH7LA/YeDul6l7tncCGLNEw4B6Obtmkatb3ACnSLj0kOJ6UBiuhss9e+eRG3zlxw==",
      "license": "GPL-3.0",
      "dependencies": {
        "irc-colors": "^1.1.0"
      },
      "engines": {
        "node": ">=0.10.0"
      },
      "optionalDependencies": {
        "iconv": "~2.2.1",
        "node-icu-charset-detector": "~0.2.0"
      }
    },
    "node_modules/irc-colors": {
      "version": "1.5.0",
      "resolved": "https://registry.npmjs.org/irc-colors/-/irc-colors-1.5.0.tgz",
      "integrity": "sha512-HtszKchBQTcqw1DC09uD7i7vvMayHGM1OCo6AHt5pkgZEyo99ClhHTMJdf+Ezc9ovuNNxcH89QfyclGthjZJOw==",
      "license": "MIT",
      "engines": {
        "node": ">=6"
      }
    },
    "node_modules/nan": {
      "version": "2.23.0",
      "resolved": "https://registry.npmjs.org/nan/-/nan-2.23.0.tgz",
      "integrity": "sha512-1UxuyYGdoQHcGg87Lkqm3FzefucTa0NAiOcuRsDmysep3c1LVCRK2krrUDafMWtjSG04htvAmvg96+SDknOmgQ==",
      "license": "MIT",
      "optional": true
    },
    "node_modules/node-icu-charset-detector": {
      "version": "0.2.0",
      "resolved": "https://registry.npmjs.org/node-icu-charset-detector/-/node-icu-charset-detector-0.2.0.tgz",
      "integrity": "sha512-DYOFJ3NfKdxEi9hPbmoCss6WydGhJsxpSleUlZfAWEbZt3AU7JuxailgA9tnqQdsHiujfUY9VtDfWD9m0+ThtQ==",
      "hasInstallScript": true,
      "optional": true,
      "dependencies": {
        "nan": "^2.3.3"
      },
      "engines": {
        "node": ">=0.6"
      }
    },
    "node_modules/typescript": {
      "version": "5.9.2",
      "resolved": "https://registry.npmjs.org/typescript/-/typescript-5.9.2.tgz",
      "integrity": "sha512-CWBzXQrc/qOkhidw1OzBTQuYRbfyxDXJMVJ1XNwUHGROVmuaeiEm3OslpZ1RV96d7SKKjZKrSJu3+t/xlw3R9A==",
      "dev": true,
      "license": "Apache-2.0",
      "bin": {
        "tsc": "bin/tsc",
        "tsserver": "bin/tsserver"
      },
      "engines": {
        "node": ">=14.17"
      }
    },
    "node_modules/undici-types": {
      "version": "7.10.0",
      "resolved": "https://registry.npmjs.org/undici-types/-/undici-types-7.10.0.tgz",
      "integrity": "sha512-t5Fy/nfn+14LuOc2KNYg75vZqClpAiqscVvMygNnlsHBFpSXdJaYtXMcdNLpl/Qvc3P2cB3s6lOV51nqsFq4ag==",
      "license": "MIT"
    },
    "node_modules/zod": {
      "version": "4.1.5",
      "resolved": "https://registry.npmjs.org/zod/-/zod-4.1.5.tgz",
      "integrity": "sha512-rcUUZqlLJgBC33IT3PNMgsCq6TzLQEG/Ei/KTCU0PedSWRMAXoOUN+4t/0H+Q8bdnLPdqUYnvboJT0bn/229qg==",
      "license": "MIT",
      "funding": {
        "url": "https://github.com/sponsors/colinhacks"
      }
    }
  }
}
